
Microsoft Visual Studio Solution File, Format Version 12.00
# Visual Studio Version 18
VisualStudioVersion = 18.5.11723.231 stable
MinimumVisualStudioVersion = 10.0.40219.1
Project("{FAE04EC0-301F-11D3-BF4B-00C04F79EFBC}") = "ASTROX.CesiumAgent", "ASTROX.CesiumAgent.csproj", "{DD131DC4-695E-7129-D3A5-A9B4FE2BE986}"
EndProject
Global
	GlobalSection(SolutionConfigurationPlatforms) = preSolution
		Debug|Any CPU = Debug|Any CPU
		Release|Any CPU = Release|Any CPU
	EndGlobalSection
	GlobalSection(ProjectConfigurationPlatforms) = postSolution
		{DD131DC4-695E-7129-D3A5-A9B4FE2BE986}.Debug|Any CPU.ActiveCfg = Debug|Any CPU
		{DD131DC4-695E-7129-D3A5-A9B4FE2BE986}.Debug|Any CPU.Build.0 = Debug|Any CPU
		{DD131DC4-695E-7129-D3A5-A9B4FE2BE986}.Release|Any CPU.ActiveCfg = Release|Any CPU
		{DD131DC4-695E-7129-D3A5-A9B4FE2BE986}.Release|Any CPU.Build.0 = Release|Any CPU
	EndGlobalSection
	GlobalSection(SolutionProperties) = preSolution
		HideSolutionNode = FALSE
	EndGlobalSection
	GlobalSection(ExtensibilityGlobals) = postSolution
		SolutionGuid = {DF52E776-5F88-4D7C-A3E9-A49B6A4EAFFC}
	EndGlobalSection
EndGlobal
